
Microsoft Visual Studio Solution File, Format Version 12.00
# Visual Studio 15
VisualStudioVersion = 15.0.27130.2027
MinimumVisualStudioVersion = 10.0.40219.1
Project("{FAE04EC0-301F-11D3-BF4B-00C04F79EFBC}") = "yeetong_VideoGateway", "yeetong_VideoGateway.csproj", "{CA91C2AD-7D94-4BA8-8B7F-5DF18251F903}"
EndProject
Global
	GlobalSection(SolutionConfigurationPlatforms) = preSolution
		Debug|Any CPU = Debug|Any CPU
		Debug|x86 = Debug|x86
		Release|Any CPU = Release|Any CPU
		Release|x86 = Release|x86
	EndGlobalSection
	GlobalSection(ProjectConfigurationPlatforms) = postSolution
		{CA91C2AD-7D94-4BA8-8B7F-5DF18251F903}.Debug|Any CPU.ActiveCfg = Debug|Any CPU
		{CA91C2AD-7D94-4BA8-8B7F-5DF18251F903}.Debug|Any CPU.Build.0 = Debug|Any CPU
		{CA91C2AD-7D94-4BA8-8B7F-5DF18251F903}.Debug|x86.ActiveCfg = Debug|x86
		{CA91C2AD-7D94-4BA8-8B7F-5DF18251F903}.Debug|x86.Build.0 = Debug|x86
		{CA91C2AD-7D94-4BA8-8B7F-5DF18251F903}.Release|Any CPU.ActiveCfg = Release|Any CPU
		{CA91C2AD-7D94-4BA8-8B7F-5DF18251F903}.Release|Any CPU.Build.0 = Release|Any CPU
		{CA91C2AD-7D94-4BA8-8B7F-5DF18251F903}.Release|x86.ActiveCfg = Release|x86
		{CA91C2AD-7D94-4BA8-8B7F-5DF18251F903}.Release|x86.Build.0 = Release|x86
	EndGlobalSection
	GlobalSection(SolutionProperties) = preSolution
		HideSolutionNode = FALSE
	EndGlobalSection
	GlobalSection(ExtensibilityGlobals) = postSolution
		SolutionGuid = {AC10D0A2-57A1-4854-AB42-B0CB25D42064}
	EndGlobalSection
EndGlobal
